
Microsoft Visual Studio Solution File, Format Version 12.00
# Visual Studio Version 16
VisualStudioVersion = 16.0.32126.315
MinimumVisualStudioVersion = 10.0.40219.1
Project("{FAE04EC0-301F-11D3-BF4B-00C04F79EFBC}") = "Banco", "Banco\Banco.csproj", "{0A5C38FB-AC4B-49CC-B5D9-788027940C85}"
EndProject
Global
	GlobalSection(SolutionConfigurationPlatforms) = preSolution
		Debug|Any CPU = Debug|Any CPU
		Release|Any CPU = Release|Any CPU
	EndGlobalSection
	GlobalSection(ProjectConfigurationPlatforms) = postSolution
		{0A5C38FB-AC4B-49CC-B5D9-788027940C85}.Debug|Any CPU.ActiveCfg = Debug|Any CPU
		{0A5C38FB-AC4B-49CC-B5D9-788027940C85}.Debug|Any CPU.Build.0 = Debug|Any CPU
		{0A5C38FB-AC4B-49CC-B5D9-788027940C85}.Release|Any CPU.ActiveCfg = Release|Any CPU
		{0A5C38FB-AC4B-49CC-B5D9-788027940C85}.Release|Any CPU.Build.0 = Release|Any CPU
	EndGlobalSection
	GlobalSection(SolutionProperties) = preSolution
		HideSolutionNode = FALSE
	EndGlobalSection
	GlobalSection(ExtensibilityGlobals) = postSolution
		SolutionGuid = {DB1A6978-4800-4578-90FA-24C40887B900}
	EndGlobalSection
EndGlobal
